
Microsoft Visual Studio Solution File, Format Version 12.00
# Visual Studio Version 17
VisualStudioVersion = 17.0.31903.59
MinimumVisualStudioVersion = 10.0.40219.1
Project("{FAE04EC0-301F-11D3-BF4B-00C04F79EFBC}") = "TorneoDeportivo.Domain", "TorneoDeportivo.Domain\TorneoDeportivo.Domain.csproj", "{18FDB56A-2139-40BB-A766-95C4A7E0B69B}"
EndProject
Project("{FAE04EC0-301F-11D3-BF4B-00C04F79EFBC}") = "TorneoDeportivo.Application", "TorneoDeportivo.Application\TorneoDeportivo.Application.csproj", "{819BC92C-F90A-45C9-91AD-A076984A88BC}"
EndProject
Project("{FAE04EC0-301F-11D3-BF4B-00C04F79EFBC}") = "TorneoDeportivo.Infrastructure", "TorneoDeportivo.Infrastructure\TorneoDeportivo.Infrastructure.csproj", "{EFA10E64-52C6-4EBA-BD34-B87AE6F74F00}"
EndProject
Project("{FAE04EC0-301F-11D3-BF4B-00C04F79EFBC}") = "TorneoDeportivo.API", "TorneoDeportivo.API\TorneoDeportivo.API.csproj", "{BABC7CB9-B5B3-42C1-8C21-2A10B2D24EDA}"
EndProject
Global
	GlobalSection(SolutionConfigurationPlatforms) = preSolution
		Debug|Any CPU = Debug|Any CPU
		Release|Any CPU = Release|Any CPU
	EndGlobalSection
	GlobalSection(ProjectConfigurationPlatforms) = postSolution
		{18FDB56A-2139-40BB-A766-95C4A7E0B69B}.Debug|Any CPU.ActiveCfg = Debug|Any CPU
		{18FDB56A-2139-40BB-A766-95C4A7E0B69B}.Debug|Any CPU.Build.0 = Debug|Any CPU
		{18FDB56A-2139-40BB-A766-95C4A7E0B69B}.Release|Any CPU.ActiveCfg = Release|Any CPU
		{18FDB56A-2139-40BB-A766-95C4A7E0B69B}.Release|Any CPU.Build.0 = Release|Any CPU
		{819BC92C-F90A-45C9-91AD-A076984A88BC}.Debug|Any CPU.ActiveCfg = Debug|Any CPU
		{819BC92C-F90A-45C9-91AD-A076984A88BC}.Debug|Any CPU.Build.0 = Debug|Any CPU
		{819BC92C-F90A-45C9-91AD-A076984A88BC}.Release|Any CPU.ActiveCfg = Release|Any CPU
		{819BC92C-F90A-45C9-91AD-A076984A88BC}.Release|Any CPU.Build.0 = Release|Any CPU
		{EFA10E64-52C6-4EBA-BD34-B87AE6F74F00}.Debug|Any CPU.ActiveCfg = Debug|Any CPU
		{EFA10E64-52C6-4EBA-BD34-B87AE6F74F00}.Debug|Any CPU.Build.0 = Debug|Any CPU
		{EFA10E64-52C6-4EBA-BD34-B87AE6F74F00}.Release|Any CPU.ActiveCfg = Release|Any CPU
		{EFA10E64-52C6-4EBA-BD34-B87AE6F74F00}.Release|Any CPU.Build.0 = Release|Any CPU
		{BABC7CB9-B5B3-42C1-8C21-2A10B2D24EDA}.Debug|Any CPU.ActiveCfg = Debug|Any CPU
		{BABC7CB9-B5B3-42C1-8C21-2A10B2D24EDA}.Debug|Any CPU.Build.0 = Debug|Any CPU
		{BABC7CB9-B5B3-42C1-8C21-2A10B2D24EDA}.Release|Any CPU.ActiveCfg = Release|Any CPU
		{BABC7CB9-B5B3-42C1-8C21-2A10B2D24EDA}.Release|Any CPU.Build.0 = Release|Any CPU
	EndGlobalSection
	GlobalSection(SolutionProperties) = preSolution
		HideSolutionNode = FALSE
	EndGlobalSection
	GlobalSection(NestedProjects) = preSolution
	EndGlobalSection
	GlobalSection(ExtensibilityGlobals) = postSolution
		SolutionGuid = {21CD7C26-18F1-48B2-AA53-0DCE1E39BCB0}
	EndGlobalSection
EndGlobal
